
Microsoft Visual Studio Solution File, Format Version 10.00
# Visual C++ Express 2008
Project("{8BC9CEB8-8B4A-11D0-8D11-00A0C91BC942}") = "ConsolEngine", "ConsolEngine\ConsolEngine.vcproj", "{BEA1483D-3F58-4DD1-A58A-7E046E5A31B7}"
EndProject
Project("{8BC9CEB8-8B4A-11D0-8D11-00A0C91BC942}") = "TetrisEngineTests", "TetrisEngineTests\TetrisEngineTests.vcproj", "{9C341313-9731-43B9-9130-3B8FDCE9F36A}"
EndProject
Project("{8BC9CEB8-8B4A-11D0-8D11-00A0C91BC942}") = "TetrisEngine", "TetrisEngine\TetrisEngine.vcproj", "{0C09566A-0C53-46E0-95CA-517D774D55AA}"
EndProject
Global
	GlobalSection(SolutionConfigurationPlatforms) = preSolution
		Debug|Win32 = Debug|Win32
		Release|Win32 = Release|Win32
	EndGlobalSection
	GlobalSection(ProjectConfigurationPlatforms) = postSolution
		{BEA1483D-3F58-4DD1-A58A-7E046E5A31B7}.Debug|Win32.ActiveCfg = Debug|Win32
		{BEA1483D-3F58-4DD1-A58A-7E046E5A31B7}.Debug|Win32.Build.0 = Debug|Win32
		{BEA1483D-3F58-4DD1-A58A-7E046E5A31B7}.Release|Win32.ActiveCfg = Release|Win32
		{BEA1483D-3F58-4DD1-A58A-7E046E5A31B7}.Release|Win32.Build.0 = Release|Win32
		{9C341313-9731-43B9-9130-3B8FDCE9F36A}.Debug|Win32.ActiveCfg = Debug|Win32
		{9C341313-9731-43B9-9130-3B8FDCE9F36A}.Debug|Win32.Build.0 = Debug|Win32
		{9C341313-9731-43B9-9130-3B8FDCE9F36A}.Release|Win32.ActiveCfg = Release|Win32
		{9C341313-9731-43B9-9130-3B8FDCE9F36A}.Release|Win32.Build.0 = Release|Win32
		{0C09566A-0C53-46E0-95CA-517D774D55AA}.Debug|Win32.ActiveCfg = Debug|Win32
		{0C09566A-0C53-46E0-95CA-517D774D55AA}.Debug|Win32.Build.0 = Debug|Win32
		{0C09566A-0C53-46E0-95CA-517D774D55AA}.Release|Win32.ActiveCfg = Release|Win32
		{0C09566A-0C53-46E0-95CA-517D774D55AA}.Release|Win32.Build.0 = Release|Win32
	EndGlobalSection
	GlobalSection(SolutionProperties) = preSolution
		HideSolutionNode = FALSE
	EndGlobalSection
EndGlobal
